
Microsoft Visual Studio Solution File, Format Version 12.00
# Visual Studio Version 17
VisualStudioVersion = 17.14.36811.4 d17.14
MinimumVisualStudioVersion = 10.0.40219.1
Project("{FAE04EC0-301F-11D3-BF4B-00C04F79EFBC}") = "nandeshwar_enterprises_backend", "nandeshwar_enterprises_backend.csproj", "{660E3D48-DDF2-4193-9476-7A0CBD7C8392}"
EndProject
Global
	GlobalSection(SolutionConfigurationPlatforms) = preSolution
		Debug|Any CPU = Debug|Any CPU
		Release|Any CPU = Release|Any CPU
	EndGlobalSection
	GlobalSection(ProjectConfigurationPlatforms) = postSolution
		{660E3D48-DDF2-4193-9476-7A0CBD7C8392}.Debug|Any CPU.ActiveCfg = Debug|Any CPU
		{660E3D48-DDF2-4193-9476-7A0CBD7C8392}.Debug|Any CPU.Build.0 = Debug|Any CPU
		{660E3D48-DDF2-4193-9476-7A0CBD7C8392}.Release|Any CPU.ActiveCfg = Release|Any CPU
		{660E3D48-DDF2-4193-9476-7A0CBD7C8392}.Release|Any CPU.Build.0 = Release|Any CPU
	EndGlobalSection
	GlobalSection(SolutionProperties) = preSolution
		HideSolutionNode = FALSE
	EndGlobalSection
	GlobalSection(ExtensibilityGlobals) = postSolution
		SolutionGuid = {E07FEE06-E5CF-4AD0-9E8E-7C39A2B9B1DE}
	EndGlobalSection
EndGlobal
